
Microsoft Visual Studio Solution File, Format Version 12.00
Project("{2150E333-8FDC-42A3-9474-1A3956D46DE8}") = "Algorithms", "Algorithms", "{BC8FD671-B67E-4549-99C2-0FB568FF2A76}"
EndProject
Project("{2150E333-8FDC-42A3-9474-1A3956D46DE8}") = "DataStructures", "DataStructures", "{A66DB0A9-94B4-4591-84D7-1B4C64344EFD}"
EndProject
Project("{2150E333-8FDC-42A3-9474-1A3956D46DE8}") = "Docs", "Docs", "{8F7EDDF0-E9FC-4D7D-8DBE-3C898C8798B9}"
	ProjectSection(SolutionItems) = preProject
		Docs\README.md = Docs\README.md
	EndProjectSection
EndProject
Project("{2150E333-8FDC-42A3-9474-1A3956D46DE8}") = "DSA", "DSA", "{53C7B5C2-3F49-453C-8D5A-8E241FFDE6AB}"
EndProject
Project("{2150E333-8FDC-42A3-9474-1A3956D46DE8}") = "Exercises", "Exercises", "{0AEAC3DB-AF36-4E69-A13B-F798FE0651B8}"
EndProject
Project("{FAE04EC0-301F-11D3-BF4B-00C04F79EFBC}") = "Exercises", "Exercises\Exercises\Exercises.csproj", "{6F2BBE4A-C262-4439-8551-8BDA574D66A9}"
EndProject
Project("{FAE04EC0-301F-11D3-BF4B-00C04F79EFBC}") = "ExercisesTests", "Exercises\ExercisesTests\ExercisesTests.csproj", "{A46C93A7-BF6F-4F11-9DE2-975D54E8452F}"
EndProject
Project("{FAE04EC0-301F-11D3-BF4B-00C04F79EFBC}") = "Algorithms", "DSA\Algorithms\Algorithms\Algorithms.csproj", "{C327E8DA-410E-4EB2-A0C7-BEE38B5687DC}"
EndProject
Project("{FAE04EC0-301F-11D3-BF4B-00C04F79EFBC}") = "AlgorithmsBenchmarks", "DSA\Algorithms\AlgorithmsBenchmarks\AlgorithmsBenchmarks.csproj", "{1BEC16DF-4351-44FA-91E4-73A0C897AAB1}"
EndProject
Project("{FAE04EC0-301F-11D3-BF4B-00C04F79EFBC}") = "AlgorithmsTests", "DSA\Algorithms\AlgorithmsTests\AlgorithmsTests.csproj", "{2FBEF7EA-14A0-4EA1-BEE8-FC51D2A75918}"
EndProject
Project("{FAE04EC0-301F-11D3-BF4B-00C04F79EFBC}") = "DataStructures", "DSA\DataStructures\DataStructures\DataStructures.csproj", "{308B68E9-D6E3-4C65-AEB4-46FC7CE80BAA}"
EndProject
Project("{FAE04EC0-301F-11D3-BF4B-00C04F79EFBC}") = "DataStructuresBenchmarks", "DSA\DataStructures\DataStructuresBenchmarks\DataStructuresBenchmarks.csproj", "{AB96917E-A77D-46C9-B8D5-58E86752E68C}"
EndProject
Project("{FAE04EC0-301F-11D3-BF4B-00C04F79EFBC}") = "DataStructuresTests", "DSA\DataStructures\DataStructuresTests\DataStructuresTests.csproj", "{DF8A6048-EC35-4A12-9E18-DFE8AAEE1315}"
EndProject
Project("{2150E333-8FDC-42A3-9474-1A3956D46DE8}") = "DSA", "DSA", "{52019907-5924-4F1A-86D7-1B0C1FC9CDD7}"
	ProjectSection(SolutionItems) = preProject
		Docs\DSA\DSA.md = Docs\DSA\DSA.md
	EndProjectSection
EndProject
Project("{2150E333-8FDC-42A3-9474-1A3956D46DE8}") = "Exercises", "Exercises", "{D523E1B0-B30E-44C9-936C-D45A6F34191E}"
	ProjectSection(SolutionItems) = preProject
		Docs\Exercises\Exercises.md = Docs\Exercises\Exercises.md
	EndProjectSection
EndProject
Project("{2150E333-8FDC-42A3-9474-1A3956D46DE8}") = "Solution Items", "Solution Items", "{6A22804B-3A61-4F9E-9C67-E4AB8B023504}"
	ProjectSection(SolutionItems) = preProject
		.gitignore = .gitignore
	EndProjectSection
EndProject
Global
	GlobalSection(SolutionConfigurationPlatforms) = preSolution
		Debug|Any CPU = Debug|Any CPU
		Release|Any CPU = Release|Any CPU
	EndGlobalSection
	GlobalSection(ProjectConfigurationPlatforms) = postSolution
		{6F2BBE4A-C262-4439-8551-8BDA574D66A9}.Debug|Any CPU.ActiveCfg = Debug|Any CPU
		{6F2BBE4A-C262-4439-8551-8BDA574D66A9}.Debug|Any CPU.Build.0 = Debug|Any CPU
		{6F2BBE4A-C262-4439-8551-8BDA574D66A9}.Release|Any CPU.ActiveCfg = Release|Any CPU
		{6F2BBE4A-C262-4439-8551-8BDA574D66A9}.Release|Any CPU.Build.0 = Release|Any CPU
		{A46C93A7-BF6F-4F11-9DE2-975D54E8452F}.Debug|Any CPU.ActiveCfg = Debug|Any CPU
		{A46C93A7-BF6F-4F11-9DE2-975D54E8452F}.Debug|Any CPU.Build.0 = Debug|Any CPU
		{A46C93A7-BF6F-4F11-9DE2-975D54E8452F}.Release|Any CPU.ActiveCfg = Release|Any CPU
		{A46C93A7-BF6F-4F11-9DE2-975D54E8452F}.Release|Any CPU.Build.0 = Release|Any CPU
		{C327E8DA-410E-4EB2-A0C7-BEE38B5687DC}.Debug|Any CPU.ActiveCfg = Debug|Any CPU
		{C327E8DA-410E-4EB2-A0C7-BEE38B5687DC}.Debug|Any CPU.Build.0 = Debug|Any CPU
		{C327E8DA-410E-4EB2-A0C7-BEE38B5687DC}.Release|Any CPU.ActiveCfg = Release|Any CPU
		{C327E8DA-410E-4EB2-A0C7-BEE38B5687DC}.Release|Any CPU.Build.0 = Release|Any CPU
		{1BEC16DF-4351-44FA-91E4-73A0C897AAB1}.Debug|Any CPU.ActiveCfg = Debug|Any CPU
		{1BEC16DF-4351-44FA-91E4-73A0C897AAB1}.Debug|Any CPU.Build.0 = Debug|Any CPU
		{1BEC16DF-4351-44FA-91E4-73A0C897AAB1}.Release|Any CPU.ActiveCfg = Release|Any CPU
		{1BEC16DF-4351-44FA-91E4-73A0C897AAB1}.Release|Any CPU.Build.0 = Release|Any CPU
		{2FBEF7EA-14A0-4EA1-BEE8-FC51D2A75918}.Debug|Any CPU.ActiveCfg = Debug|Any CPU
		{2FBEF7EA-14A0-4EA1-BEE8-FC51D2A75918}.Debug|Any CPU.Build.0 = Debug|Any CPU
		{2FBEF7EA-14A0-4EA1-BEE8-FC51D2A75918}.Release|Any CPU.ActiveCfg = Release|Any CPU
		{2FBEF7EA-14A0-4EA1-BEE8-FC51D2A75918}.Release|Any CPU.Build.0 = Release|Any CPU
		{308B68E9-D6E3-4C65-AEB4-46FC7CE80BAA}.Debug|Any CPU.ActiveCfg = Debug|Any CPU
		{308B68E9-D6E3-4C65-AEB4-46FC7CE80BAA}.Debug|Any CPU.Build.0 = Debug|Any CPU
		{308B68E9-D6E3-4C65-AEB4-46FC7CE80BAA}.Release|Any CPU.ActiveCfg = Release|Any CPU
		{308B68E9-D6E3-4C65-AEB4-46FC7CE80BAA}.Release|Any CPU.Build.0 = Release|Any CPU
		{AB96917E-A77D-46C9-B8D5-58E86752E68C}.Debug|Any CPU.ActiveCfg = Debug|Any CPU
		{AB96917E-A77D-46C9-B8D5-58E86752E68C}.Debug|Any CPU.Build.0 = Debug|Any CPU
		{AB96917E-A77D-46C9-B8D5-58E86752E68C}.Release|Any CPU.ActiveCfg = Release|Any CPU
		{AB96917E-A77D-46C9-B8D5-58E86752E68C}.Release|Any CPU.Build.0 = Release|Any CPU
		{DF8A6048-EC35-4A12-9E18-DFE8AAEE1315}.Debug|Any CPU.ActiveCfg = Debug|Any CPU
		{DF8A6048-EC35-4A12-9E18-DFE8AAEE1315}.Debug|Any CPU.Build.0 = Debug|Any CPU
		{DF8A6048-EC35-4A12-9E18-DFE8AAEE1315}.Release|Any CPU.ActiveCfg = Release|Any CPU
		{DF8A6048-EC35-4A12-9E18-DFE8AAEE1315}.Release|Any CPU.Build.0 = Release|Any CPU
	EndGlobalSection
	GlobalSection(NestedProjects) = preSolution
		{BC8FD671-B67E-4549-99C2-0FB568FF2A76} = {53C7B5C2-3F49-453C-8D5A-8E241FFDE6AB}
		{A66DB0A9-94B4-4591-84D7-1B4C64344EFD} = {53C7B5C2-3F49-453C-8D5A-8E241FFDE6AB}
		{6F2BBE4A-C262-4439-8551-8BDA574D66A9} = {0AEAC3DB-AF36-4E69-A13B-F798FE0651B8}
		{A46C93A7-BF6F-4F11-9DE2-975D54E8452F} = {0AEAC3DB-AF36-4E69-A13B-F798FE0651B8}
		{C327E8DA-410E-4EB2-A0C7-BEE38B5687DC} = {BC8FD671-B67E-4549-99C2-0FB568FF2A76}
		{1BEC16DF-4351-44FA-91E4-73A0C897AAB1} = {BC8FD671-B67E-4549-99C2-0FB568FF2A76}
		{2FBEF7EA-14A0-4EA1-BEE8-FC51D2A75918} = {BC8FD671-B67E-4549-99C2-0FB568FF2A76}
		{308B68E9-D6E3-4C65-AEB4-46FC7CE80BAA} = {A66DB0A9-94B4-4591-84D7-1B4C64344EFD}
		{AB96917E-A77D-46C9-B8D5-58E86752E68C} = {A66DB0A9-94B4-4591-84D7-1B4C64344EFD}
		{DF8A6048-EC35-4A12-9E18-DFE8AAEE1315} = {A66DB0A9-94B4-4591-84D7-1B4C64344EFD}
		{52019907-5924-4F1A-86D7-1B0C1FC9CDD7} = {8F7EDDF0-E9FC-4D7D-8DBE-3C898C8798B9}
		{D523E1B0-B30E-44C9-936C-D45A6F34191E} = {8F7EDDF0-E9FC-4D7D-8DBE-3C898C8798B9}
	EndGlobalSection
EndGlobal
